
Microsoft Visual Studio Solution File, Format Version 12.00
# Visual Studio Version 17
VisualStudioVersion = 17.8.34330.188
MinimumVisualStudioVersion = 10.0.40219.1
Project("{FAE04EC0-301F-11D3-BF4B-00C04F79EFBC}") = "CreateSheets", "CreateSheets\CreateSheets.csproj", "{19CB1752-4EE0-4196-A1C7-7DB66415288E}"
EndProject
Global
	GlobalSection(SolutionConfigurationPlatforms) = preSolution
		Debug|Any CPU = Debug|Any CPU
		Release|Any CPU = Release|Any CPU
	EndGlobalSection
	GlobalSection(ProjectConfigurationPlatforms) = postSolution
		{19CB1752-4EE0-4196-A1C7-7DB66415288E}.Debug|Any CPU.ActiveCfg = Debug|Any CPU
		{19CB1752-4EE0-4196-A1C7-7DB66415288E}.Debug|Any CPU.Build.0 = Debug|Any CPU
		{19CB1752-4EE0-4196-A1C7-7DB66415288E}.Release|Any CPU.ActiveCfg = Release|Any CPU
		{19CB1752-4EE0-4196-A1C7-7DB66415288E}.Release|Any CPU.Build.0 = Release|Any CPU
	EndGlobalSection
	GlobalSection(SolutionProperties) = preSolution
		HideSolutionNode = FALSE
	EndGlobalSection
	GlobalSection(ExtensibilityGlobals) = postSolution
		SolutionGuid = {F3341861-0C4B-4680-A83C-6CCB176BFC43}
	EndGlobalSection
EndGlobal
